
Microsoft Visual Studio Solution File, Format Version 12.00
# Visual Studio 14
VisualStudioVersion = 14.0.25123.0
MinimumVisualStudioVersion = 10.0.40219.1
Project("{FAE04EC0-301F-11D3-BF4B-00C04F79EFBC}") = "ParticleExample.DesktopGL", "ParticleExample.DesktopGL\ParticleExample.DesktopGL.csproj", "{5CB02A5E-8CCD-4A74-89DA-0170B69A27FB}"
EndProject
Project("{FAE04EC0-301F-11D3-BF4B-00C04F79EFBC}") = "ParticleExample.iOS", "ParticleExample.iOS\ParticleExample.iOS.csproj", "{B7C062C6-ECD1-4AAA-841C-3D9362FEDF48}"
EndProject
Project("{FAE04EC0-301F-11D3-BF4B-00C04F79EFBC}") = "ParticleExample.Android", "ParticleExample.Android\ParticleExample.Android.csproj", "{029CBEC6-26EF-4B9E-9EB1-AEAB554B0516}"
EndProject
Project("{FAE04EC0-301F-11D3-BF4B-00C04F79EFBC}") = "ParticleExample.WindowsUniversal", "ParticleExample.WindowsUniversal\ParticleExample.WindowsUniversal.csproj", "{B0B9B2D1-5107-4FFA-A450-4C3D9DF013BB}"
EndProject
Project("{D954291E-2A0B-460D-934E-DC6B0785DB48}") = "ParticleExample.SharedProject", "ParticleExample.SharedProject\ParticleExample.SharedProject.shproj", "{752436C4-0A40-4090-89D0-5E99E665266C}"
EndProject
Global
	GlobalSection(SharedMSBuildProjectFiles) = preSolution
		ParticleExample.SharedProject\ParticleExample.SharedProject.projitems*{752436c4-0a40-4090-89d0-5e99e665266c}*SharedItemsImports = 13
	EndGlobalSection
	GlobalSection(SolutionConfigurationPlatforms) = preSolution
		Ad-Hoc|Any CPU = Ad-Hoc|Any CPU
		Ad-Hoc|ARM = Ad-Hoc|ARM
		Ad-Hoc|iPhone = Ad-Hoc|iPhone
		Ad-Hoc|iPhoneSimulator = Ad-Hoc|iPhoneSimulator
		Ad-Hoc|x64 = Ad-Hoc|x64
		Ad-Hoc|x86 = Ad-Hoc|x86
		AppStore|Any CPU = AppStore|Any CPU
		AppStore|ARM = AppStore|ARM
		AppStore|iPhone = AppStore|iPhone
		AppStore|iPhoneSimulator = AppStore|iPhoneSimulator
		AppStore|x64 = AppStore|x64
		AppStore|x86 = AppStore|x86
		Debug|Any CPU = Debug|Any CPU
		Debug|ARM = Debug|ARM
		Debug|iPhone = Debug|iPhone
		Debug|iPhoneSimulator = Debug|iPhoneSimulator
		Debug|x64 = Debug|x64
		Debug|x86 = Debug|x86
		Release|Any CPU = Release|Any CPU
		Release|ARM = Release|ARM
		Release|iPhone = Release|iPhone
		Release|iPhoneSimulator = Release|iPhoneSimulator
		Release|x64 = Release|x64
		Release|x86 = Release|x86
	EndGlobalSection
	GlobalSection(ProjectConfigurationPlatforms) = postSolution
		{5CB02A5E-8CCD-4A74-89DA-0170B69A27FB}.Ad-Hoc|Any CPU.ActiveCfg = Release|x86
		{5CB02A5E-8CCD-4A74-89DA-0170B69A27FB}.Ad-Hoc|Any CPU.Build.0 = Release|x86
		{5CB02A5E-8CCD-4A74-89DA-0170B69A27FB}.Ad-Hoc|ARM.ActiveCfg = Release|x86
		{5CB02A5E-8CCD-4A74-89DA-0170B69A27FB}.Ad-Hoc|ARM.Build.0 = Release|x86
		{5CB02A5E-8CCD-4A74-89DA-0170B69A27FB}.Ad-Hoc|iPhone.ActiveCfg = Release|x86
		{5CB02A5E-8CCD-4A74-89DA-0170B69A27FB}.Ad-Hoc|iPhone.Build.0 = Release|x86
		{5CB02A5E-8CCD-4A74-89DA-0170B69A27FB}.Ad-Hoc|iPhoneSimulator.ActiveCfg = Release|x86
		{5CB02A5E-8CCD-4A74-89DA-0170B69A27FB}.Ad-Hoc|iPhoneSimulator.Build.0 = Release|x86
		{5CB02A5E-8CCD-4A74-89DA-0170B69A27FB}.Ad-Hoc|x64.ActiveCfg = Release|x86
		{5CB02A5E-8CCD-4A74-89DA-0170B69A27FB}.Ad-Hoc|x64.Build.0 = Release|x86
		{5CB02A5E-8CCD-4A74-89DA-0170B69A27FB}.Ad-Hoc|x86.ActiveCfg = Release|x86
		{5CB02A5E-8CCD-4A74-89DA-0170B69A27FB}.Ad-Hoc|x86.Build.0 = Release|x86
		{5CB02A5E-8CCD-4A74-89DA-0170B69A27FB}.AppStore|Any CPU.ActiveCfg = Release|x86
		{5CB02A5E-8CCD-4A74-89DA-0170B69A27FB}.AppStore|Any CPU.Build.0 = Release|x86
		{5CB02A5E-8CCD-4A74-89DA-0170B69A27FB}.AppStore|ARM.ActiveCfg = Release|x86
		{5CB02A5E-8CCD-4A74-89DA-0170B69A27FB}.AppStore|ARM.Build.0 = Release|x86
		{5CB02A5E-8CCD-4A74-89DA-0170B69A27FB}.AppStore|iPhone.ActiveCfg = Release|x86
		{5CB02A5E-8CCD-4A74-89DA-0170B69A27FB}.AppStore|iPhone.Build.0 = Release|x86
		{5CB02A5E-8CCD-4A74-89DA-0170B69A27FB}.AppStore|iPhoneSimulator.ActiveCfg = Release|x86
		{5CB02A5E-8CCD-4A74-89DA-0170B69A27FB}.AppStore|iPhoneSimulator.Build.0 = Release|x86
		{5CB02A5E-8CCD-4A74-89DA-0170B69A27FB}.AppStore|x64.ActiveCfg = Release|x86
		{5CB02A5E-8CCD-4A74-89DA-0170B69A27FB}.AppStore|x64.Build.0 = Release|x86
		{5CB02A5E-8CCD-4A74-89DA-0170B69A27FB}.AppStore|x86.ActiveCfg = Release|x86
		{5CB02A5E-8CCD-4A74-89DA-0170B69A27FB}.AppStore|x86.Build.0 = Release|x86
		{5CB02A5E-8CCD-4A74-89DA-0170B69A27FB}.Debug|Any CPU.ActiveCfg = Debug|x86
		{5CB02A5E-8CCD-4A74-89DA-0170B69A27FB}.Debug|ARM.ActiveCfg = Debug|x86
		{5CB02A5E-8CCD-4A74-89DA-0170B69A27FB}.Debug|iPhone.ActiveCfg = Debug|x86
		{5CB02A5E-8CCD-4A74-89DA-0170B69A27FB}.Debug|iPhoneSimulator.ActiveCfg = Debug|x86
		{5CB02A5E-8CCD-4A74-89DA-0170B69A27FB}.Debug|x64.ActiveCfg = Debug|x86
		{5CB02A5E-8CCD-4A74-89DA-0170B69A27FB}.Debug|x86.ActiveCfg = Debug|x86
		{5CB02A5E-8CCD-4A74-89DA-0170B69A27FB}.Debug|x86.Build.0 = Debug|x86
		{5CB02A5E-8CCD-4A74-89DA-0170B69A27FB}.Release|Any CPU.ActiveCfg = Release|x86
		{5CB02A5E-8CCD-4A74-89DA-0170B69A27FB}.Release|ARM.ActiveCfg = Release|x86
		{5CB02A5E-8CCD-4A74-89DA-0170B69A27FB}.Release|iPhone.ActiveCfg = Release|x86
		{5CB02A5E-8CCD-4A74-89DA-0170B69A27FB}.Release|iPhoneSimulator.ActiveCfg = Release|x86
		{5CB02A5E-8CCD-4A74-89DA-0170B69A27FB}.Release|x64.ActiveCfg = Release|x86
		{5CB02A5E-8CCD-4A74-89DA-0170B69A27FB}.Release|x86.ActiveCfg = Release|x86
		{5CB02A5E-8CCD-4A74-89DA-0170B69A27FB}.Release|x86.Build.0 = Release|x86
		{B7C062C6-ECD1-4AAA-841C-3D9362FEDF48}.Ad-Hoc|Any CPU.ActiveCfg = Ad-Hoc|iPhone
		{B7C062C6-ECD1-4AAA-841C-3D9362FEDF48}.Ad-Hoc|ARM.ActiveCfg = Ad-Hoc|iPhone
		{B7C062C6-ECD1-4AAA-841C-3D9362FEDF48}.Ad-Hoc|iPhone.ActiveCfg = Ad-Hoc|iPhone
		{B7C062C6-ECD1-4AAA-841C-3D9362FEDF48}.Ad-Hoc|iPhone.Build.0 = Ad-Hoc|iPhone
		{B7C062C6-ECD1-4AAA-841C-3D9362FEDF48}.Ad-Hoc|iPhoneSimulator.ActiveCfg = Ad-Hoc|iPhoneSimulator
		{B7C062C6-ECD1-4AAA-841C-3D9362FEDF48}.Ad-Hoc|iPhoneSimulator.Build.0 = Ad-Hoc|iPhoneSimulator
		{B7C062C6-ECD1-4AAA-841C-3D9362FEDF48}.Ad-Hoc|x64.ActiveCfg = Ad-Hoc|iPhone
		{B7C062C6-ECD1-4AAA-841C-3D9362FEDF48}.Ad-Hoc|x86.ActiveCfg = Ad-Hoc|iPhone
		{B7C062C6-ECD1-4AAA-841C-3D9362FEDF48}.AppStore|Any CPU.ActiveCfg = AppStore|iPhone
		{B7C062C6-ECD1-4AAA-841C-3D9362FEDF48}.AppStore|ARM.ActiveCfg = AppStore|iPhone
		{B7C062C6-ECD1-4AAA-841C-3D9362FEDF48}.AppStore|iPhone.ActiveCfg = AppStore|iPhone
		{B7C062C6-ECD1-4AAA-841C-3D9362FEDF48}.AppStore|iPhone.Build.0 = AppStore|iPhone
		{B7C062C6-ECD1-4AAA-841C-3D9362FEDF48}.AppStore|iPhoneSimulator.ActiveCfg = AppStore|iPhoneSimulator
		{B7C062C6-ECD1-4AAA-841C-3D9362FEDF48}.AppStore|iPhoneSimulator.Build.0 = AppStore|iPhoneSimulator
		{B7C062C6-ECD1-4AAA-841C-3D9362FEDF48}.AppStore|x64.ActiveCfg = AppStore|iPhone
		{B7C062C6-ECD1-4AAA-841C-3D9362FEDF48}.AppStore|x86.ActiveCfg = AppStore|iPhone
		{B7C062C6-ECD1-4AAA-841C-3D9362FEDF48}.Debug|Any CPU.ActiveCfg = Debug|iPhone
		{B7C062C6-ECD1-4AAA-841C-3D9362FEDF48}.Debug|ARM.ActiveCfg = Debug|iPhone
		{B7C062C6-ECD1-4AAA-841C-3D9362FEDF48}.Debug|iPhone.ActiveCfg = Debug|iPhone
		{B7C062C6-ECD1-4AAA-841C-3D9362FEDF48}.Debug|iPhone.Build.0 = Debug|iPhone
		{B7C062C6-ECD1-4AAA-841C-3D9362FEDF48}.Debug|iPhoneSimulator.ActiveCfg = Debug|iPhoneSimulator
		{B7C062C6-ECD1-4AAA-841C-3D9362FEDF48}.Debug|iPhoneSimulator.Build.0 = Debug|iPhoneSimulator
		{B7C062C6-ECD1-4AAA-841C-3D9362FEDF48}.Debug|x64.ActiveCfg = Debug|iPhone
		{B7C062C6-ECD1-4AAA-841C-3D9362FEDF48}.Debug|x86.ActiveCfg = Debug|iPhone
		{B7C062C6-ECD1-4AAA-841C-3D9362FEDF48}.Release|Any CPU.ActiveCfg = Release|iPhone
		{B7C062C6-ECD1-4AAA-841C-3D9362FEDF48}.Release|ARM.ActiveCfg = Release|iPhone
		{B7C062C6-ECD1-4AAA-841C-3D9362FEDF48}.Release|iPhone.ActiveCfg = Release|iPhone
		{B7C062C6-ECD1-4AAA-841C-3D9362FEDF48}.Release|iPhone.Build.0 = Release|iPhone
		{B7C062C6-ECD1-4AAA-841C-3D9362FEDF48}.Release|iPhoneSimulator.ActiveCfg = Release|iPhoneSimulator
		{B7C062C6-ECD1-4AAA-841C-3D9362FEDF48}.Release|iPhoneSimulator.Build.0 = Release|iPhoneSimulator
		{B7C062C6-ECD1-4AAA-841C-3D9362FEDF48}.Release|x64.ActiveCfg = Release|iPhone
		{B7C062C6-ECD1-4AAA-841C-3D9362FEDF48}.Release|x86.ActiveCfg = Release|iPhone
		{029CBEC6-26EF-4B9E-9EB1-AEAB554B0516}.Ad-Hoc|Any CPU.ActiveCfg = Release|Any CPU
		{029CBEC6-26EF-4B9E-9EB1-AEAB554B0516}.Ad-Hoc|Any CPU.Build.0 = Release|Any CPU
		{029CBEC6-26EF-4B9E-9EB1-AEAB554B0516}.Ad-Hoc|Any CPU.Deploy.0 = Release|Any CPU
		{029CBEC6-26EF-4B9E-9EB1-AEAB554B0516}.Ad-Hoc|ARM.ActiveCfg = Release|Any CPU
		{029CBEC6-26EF-4B9E-9EB1-AEAB554B0516}.Ad-Hoc|ARM.Build.0 = Release|Any CPU
		{029CBEC6-26EF-4B9E-9EB1-AEAB554B0516}.Ad-Hoc|ARM.Deploy.0 = Release|Any CPU
		{029CBEC6-26EF-4B9E-9EB1-AEAB554B0516}.Ad-Hoc|iPhone.ActiveCfg = Release|Any CPU
		{029CBEC6-26EF-4B9E-9EB1-AEAB554B0516}.Ad-Hoc|iPhone.Build.0 = Release|Any CPU
		{029CBEC6-26EF-4B9E-9EB1-AEAB554B0516}.Ad-Hoc|iPhone.Deploy.0 = Release|Any CPU
		{029CBEC6-26EF-4B9E-9EB1-AEAB554B0516}.Ad-Hoc|iPhoneSimulator.ActiveCfg = Release|Any CPU
		{029CBEC6-26EF-4B9E-9EB1-AEAB554B0516}.Ad-Hoc|iPhoneSimulator.Build.0 = Release|Any CPU
		{029CBEC6-26EF-4B9E-9EB1-AEAB554B0516}.Ad-Hoc|iPhoneSimulator.Deploy.0 = Release|Any CPU
		{029CBEC6-26EF-4B9E-9EB1-AEAB554B0516}.Ad-Hoc|x64.ActiveCfg = Release|Any CPU
		{029CBEC6-26EF-4B9E-9EB1-AEAB554B0516}.Ad-Hoc|x64.Build.0 = Release|Any CPU
		{029CBEC6-26EF-4B9E-9EB1-AEAB554B0516}.Ad-Hoc|x64.Deploy.0 = Release|Any CPU
		{029CBEC6-26EF-4B9E-9EB1-AEAB554B0516}.Ad-Hoc|x86.ActiveCfg = Release|Any CPU
		{029CBEC6-26EF-4B9E-9EB1-AEAB554B0516}.Ad-Hoc|x86.Build.0 = Release|Any CPU
		{029CBEC6-26EF-4B9E-9EB1-AEAB554B0516}.Ad-Hoc|x86.Deploy.0 = Release|Any CPU
		{029CBEC6-26EF-4B9E-9EB1-AEAB554B0516}.AppStore|Any CPU.ActiveCfg = Release|Any CPU
		{029CBEC6-26EF-4B9E-9EB1-AEAB554B0516}.AppStore|Any CPU.Build.0 = Release|Any CPU
		{029CBEC6-26EF-4B9E-9EB1-AEAB554B0516}.AppStore|Any CPU.Deploy.0 = Release|Any CPU
		{029CBEC6-26EF-4B9E-9EB1-AEAB554B0516}.AppStore|ARM.ActiveCfg = Release|Any CPU
		{029CBEC6-26EF-4B9E-9EB1-AEAB554B0516}.AppStore|ARM.Build.0 = Release|Any CPU
		{029CBEC6-26EF-4B9E-9EB1-AEAB554B0516}.AppStore|ARM.Deploy.0 = Release|Any CPU
		{029CBEC6-26EF-4B9E-9EB1-AEAB554B0516}.AppStore|iPhone.ActiveCfg = Release|Any CPU
		{029CBEC6-26EF-4B9E-9EB1-AEAB554B0516}.AppStore|iPhone.Build.0 = Release|Any CPU
		{029CBEC6-26EF-4B9E-9EB1-AEAB554B0516}.AppStore|iPhone.Deploy.0 = Release|Any CPU
		{029CBEC6-26EF-4B9E-9EB1-AEAB554B0516}.AppStore|iPhoneSimulator.ActiveCfg = Release|Any CPU
		{029CBEC6-26EF-4B9E-9EB1-AEAB554B0516}.AppStore|iPhoneSimulator.Build.0 = Release|Any CPU
		{029CBEC6-26EF-4B9E-9EB1-AEAB554B0516}.AppStore|iPhoneSimulator.Deploy.0 = Release|Any CPU
		{029CBEC6-26EF-4B9E-9EB1-AEAB554B0516}.AppStore|x64.ActiveCfg = Release|Any CPU
		{029CBEC6-26EF-4B9E-9EB1-AEAB554B0516}.AppStore|x64.Build.0 = Release|Any CPU
		{029CBEC6-26EF-4B9E-9EB1-AEAB554B0516}.AppStore|x64.Deploy.0 = Release|Any CPU
		{029CBEC6-26EF-4B9E-9EB1-AEAB554B0516}.AppStore|x86.ActiveCfg = Release|Any CPU
		{029CBEC6-26EF-4B9E-9EB1-AEAB554B0516}.AppStore|x86.Build.0 = Release|Any CPU
		{029CBEC6-26EF-4B9E-9EB1-AEAB554B0516}.AppStore|x86.Deploy.0 = Release|Any CPU
		{029CBEC6-26EF-4B9E-9EB1-AEAB554B0516}.Debug|Any CPU.ActiveCfg = Debug|Any CPU
		{029CBEC6-26EF-4B9E-9EB1-AEAB554B0516}.Debug|Any CPU.Build.0 = Debug|Any CPU
		{029CBEC6-26EF-4B9E-9EB1-AEAB554B0516}.Debug|Any CPU.Deploy.0 = Debug|Any CPU
		{029CBEC6-26EF-4B9E-9EB1-AEAB554B0516}.Debug|ARM.ActiveCfg = Debug|Any CPU
		{029CBEC6-26EF-4B9E-9EB1-AEAB554B0516}.Debug|ARM.Build.0 = Debug|Any CPU
		{029CBEC6-26EF-4B9E-9EB1-AEAB554B0516}.Debug|ARM.Deploy.0 = Debug|Any CPU
		{029CBEC6-26EF-4B9E-9EB1-AEAB554B0516}.Debug|iPhone.ActiveCfg = Debug|Any CPU
		{029CBEC6-26EF-4B9E-9EB1-AEAB554B0516}.Debug|iPhone.Build.0 = Debug|Any CPU
		{029CBEC6-26EF-4B9E-9EB1-AEAB554B0516}.Debug|iPhone.Deploy.0 = Debug|Any CPU
		{029CBEC6-26EF-4B9E-9EB1-AEAB554B0516}.Debug|iPhoneSimulator.ActiveCfg = Debug|Any CPU
		{029CBEC6-26EF-4B9E-9EB1-AEAB554B0516}.Debug|iPhoneSimulator.Build.0 = Debug|Any CPU
		{029CBEC6-26EF-4B9E-9EB1-AEAB554B0516}.Debug|iPhoneSimulator.Deploy.0 = Debug|Any CPU
		{029CBEC6-26EF-4B9E-9EB1-AEAB554B0516}.Debug|x64.ActiveCfg = Debug|Any CPU
		{029CBEC6-26EF-4B9E-9EB1-AEAB554B0516}.Debug|x64.Build.0 = Debug|Any CPU
		{029CBEC6-26EF-4B9E-9EB1-AEAB554B0516}.Debug|x64.Deploy.0 = Debug|Any CPU
		{029CBEC6-26EF-4B9E-9EB1-AEAB554B0516}.Debug|x86.ActiveCfg = Debug|Any CPU
		{029CBEC6-26EF-4B9E-9EB1-AEAB554B0516}.Debug|x86.Build.0 = Debug|Any CPU
		{029CBEC6-26EF-4B9E-9EB1-AEAB554B0516}.Debug|x86.Deploy.0 = Debug|Any CPU
		{029CBEC6-26EF-4B9E-9EB1-AEAB554B0516}.Release|Any CPU.ActiveCfg = Release|Any CPU
		{029CBEC6-26EF-4B9E-9EB1-AEAB554B0516}.Release|Any CPU.Build.0 = Release|Any CPU
		{029CBEC6-26EF-4B9E-9EB1-AEAB554B0516}.Release|Any CPU.Deploy.0 = Release|Any CPU
		{029CBEC6-26EF-4B9E-9EB1-AEAB554B0516}.Release|ARM.ActiveCfg = Release|Any CPU
		{029CBEC6-26EF-4B9E-9EB1-AEAB554B0516}.Release|ARM.Build.0 = Release|Any CPU
		{029CBEC6-26EF-4B9E-9EB1-AEAB554B0516}.Release|ARM.Deploy.0 = Release|Any CPU
		{029CBEC6-26EF-4B9E-9EB1-AEAB554B0516}.Release|iPhone.ActiveCfg = Release|Any CPU
		{029CBEC6-26EF-4B9E-9EB1-AEAB554B0516}.Release|iPhone.Build.0 = Release|Any CPU
		{029CBEC6-26EF-4B9E-9EB1-AEAB554B0516}.Release|iPhone.Deploy.0 = Release|Any CPU
		{029CBEC6-26EF-4B9E-9EB1-AEAB554B0516}.Release|iPhoneSimulator.ActiveCfg = Release|Any CPU
		{029CBEC6-26EF-4B9E-9EB1-AEAB554B0516}.Release|iPhoneSimulator.Build.0 = Release|Any CPU
		{029CBEC6-26EF-4B9E-9EB1-AEAB554B0516}.Release|iPhoneSimulator.Deploy.0 = Release|Any CPU
		{029CBEC6-26EF-4B9E-9EB1-AEAB554B0516}.Release|x64.ActiveCfg = Release|Any CPU
		{029CBEC6-26EF-4B9E-9EB1-AEAB554B0516}.Release|x64.Build.0 = Release|Any CPU
		{029CBEC6-26EF-4B9E-9EB1-AEAB554B0516}.Release|x64.Deploy.0 = Release|Any CPU
		{029CBEC6-26EF-4B9E-9EB1-AEAB554B0516}.Release|x86.ActiveCfg = Release|Any CPU
		{029CBEC6-26EF-4B9E-9EB1-AEAB554B0516}.Release|x86.Build.0 = Release|Any CPU
		{029CBEC6-26EF-4B9E-9EB1-AEAB554B0516}.Release|x86.Deploy.0 = Release|Any CPU
		{B0B9B2D1-5107-4FFA-A450-4C3D9DF013BB}.Ad-Hoc|Any CPU.ActiveCfg = Release|x86
		{B0B9B2D1-5107-4FFA-A450-4C3D9DF013BB}.Ad-Hoc|Any CPU.Build.0 = Release|x86
		{B0B9B2D1-5107-4FFA-A450-4C3D9DF013BB}.Ad-Hoc|Any CPU.Deploy.0 = Release|x86
		{B0B9B2D1-5107-4FFA-A450-4C3D9DF013BB}.Ad-Hoc|ARM.ActiveCfg = Release|ARM
		{B0B9B2D1-5107-4FFA-A450-4C3D9DF013BB}.Ad-Hoc|ARM.Build.0 = Release|ARM
		{B0B9B2D1-5107-4FFA-A450-4C3D9DF013BB}.Ad-Hoc|ARM.Deploy.0 = Release|ARM
		{B0B9B2D1-5107-4FFA-A450-4C3D9DF013BB}.Ad-Hoc|iPhone.ActiveCfg = Release|x86
		{B0B9B2D1-5107-4FFA-A450-4C3D9DF013BB}.Ad-Hoc|iPhone.Build.0 = Release|x86
		{B0B9B2D1-5107-4FFA-A450-4C3D9DF013BB}.Ad-Hoc|iPhone.Deploy.0 = Release|x86
		{B0B9B2D1-5107-4FFA-A450-4C3D9DF013BB}.Ad-Hoc|iPhoneSimulator.ActiveCfg = Release|x86
		{B0B9B2D1-5107-4FFA-A450-4C3D9DF013BB}.Ad-Hoc|iPhoneSimulator.Build.0 = Release|x86
		{B0B9B2D1-5107-4FFA-A450-4C3D9DF013BB}.Ad-Hoc|iPhoneSimulator.Deploy.0 = Release|x86
		{B0B9B2D1-5107-4FFA-A450-4C3D9DF013BB}.Ad-Hoc|x64.ActiveCfg = Release|x64
		{B0B9B2D1-5107-4FFA-A450-4C3D9DF013BB}.Ad-Hoc|x64.Build.0 = Release|x64
		{B0B9B2D1-5107-4FFA-A450-4C3D9DF013BB}.Ad-Hoc|x64.Deploy.0 = Release|x64
		{B0B9B2D1-5107-4FFA-A450-4C3D9DF013BB}.Ad-Hoc|x86.ActiveCfg = Release|x86
		{B0B9B2D1-5107-4FFA-A450-4C3D9DF013BB}.Ad-Hoc|x86.Build.0 = Release|x86
		{B0B9B2D1-5107-4FFA-A450-4C3D9DF013BB}.Ad-Hoc|x86.Deploy.0 = Release|x86
		{B0B9B2D1-5107-4FFA-A450-4C3D9DF013BB}.AppStore|Any CPU.ActiveCfg = Release|x86
		{B0B9B2D1-5107-4FFA-A450-4C3D9DF013BB}.AppStore|Any CPU.Build.0 = Release|x86
		{B0B9B2D1-5107-4FFA-A450-4C3D9DF013BB}.AppStore|Any CPU.Deploy.0 = Release|x86
		{B0B9B2D1-5107-4FFA-A450-4C3D9DF013BB}.AppStore|ARM.ActiveCfg = Release|ARM
		{B0B9B2D1-5107-4FFA-A450-4C3D9DF013BB}.AppStore|ARM.Build.0 = Release|ARM
		{B0B9B2D1-5107-4FFA-A450-4C3D9DF013BB}.AppStore|ARM.Deploy.0 = Release|ARM
		{B0B9B2D1-5107-4FFA-A450-4C3D9DF013BB}.AppStore|iPhone.ActiveCfg = Release|x86
		{B0B9B2D1-5107-4FFA-A450-4C3D9DF013BB}.AppStore|iPhone.Build.0 = Release|x86
		{B0B9B2D1-5107-4FFA-A450-4C3D9DF013BB}.AppStore|iPhone.Deploy.0 = Release|x86
		{B0B9B2D1-5107-4FFA-A450-4C3D9DF013BB}.AppStore|iPhoneSimulator.ActiveCfg = Release|x86
		{B0B9B2D1-5107-4FFA-A450-4C3D9DF013BB}.AppStore|iPhoneSimulator.Build.0 = Release|x86
		{B0B9B2D1-5107-4FFA-A450-4C3D9DF013BB}.AppStore|iPhoneSimulator.Deploy.0 = Release|x86
		{B0B9B2D1-5107-4FFA-A450-4C3D9DF013BB}.AppStore|x64.ActiveCfg = Release|x64
		{B0B9B2D1-5107-4FFA-A450-4C3D9DF013BB}.AppStore|x64.Build.0 = Release|x64
		{B0B9B2D1-5107-4FFA-A450-4C3D9DF013BB}.AppStore|x64.Deploy.0 = Release|x64
		{B0B9B2D1-5107-4FFA-A450-4C3D9DF013BB}.AppStore|x86.ActiveCfg = Release|x86
		{B0B9B2D1-5107-4FFA-A450-4C3D9DF013BB}.AppStore|x86.Build.0 = Release|x86
		{B0B9B2D1-5107-4FFA-A450-4C3D9DF013BB}.AppStore|x86.Deploy.0 = Release|x86
		{B0B9B2D1-5107-4FFA-A450-4C3D9DF013BB}.Debug|Any CPU.ActiveCfg = Debug|x86
		{B0B9B2D1-5107-4FFA-A450-4C3D9DF013BB}.Debug|ARM.ActiveCfg = Debug|ARM
		{B0B9B2D1-5107-4FFA-A450-4C3D9DF013BB}.Debug|ARM.Build.0 = Debug|ARM
		{B0B9B2D1-5107-4FFA-A450-4C3D9DF013BB}.Debug|ARM.Deploy.0 = Debug|ARM
		{B0B9B2D1-5107-4FFA-A450-4C3D9DF013BB}.Debug|iPhone.ActiveCfg = Debug|x86
		{B0B9B2D1-5107-4FFA-A450-4C3D9DF013BB}.Debug|iPhoneSimulator.ActiveCfg = Debug|x86
		{B0B9B2D1-5107-4FFA-A450-4C3D9DF013BB}.Debug|x64.ActiveCfg = Debug|x64
		{B0B9B2D1-5107-4FFA-A450-4C3D9DF013BB}.Debug|x64.Build.0 = Debug|x64
		{B0B9B2D1-5107-4FFA-A450-4C3D9DF013BB}.Debug|x64.Deploy.0 = Debug|x64
		{B0B9B2D1-5107-4FFA-A450-4C3D9DF013BB}.Debug|x86.ActiveCfg = Debug|x86
		{B0B9B2D1-5107-4FFA-A450-4C3D9DF013BB}.Debug|x86.Build.0 = Debug|x86
		{B0B9B2D1-5107-4FFA-A450-4C3D9DF013BB}.Debug|x86.Deploy.0 = Debug|x86
		{B0B9B2D1-5107-4FFA-A450-4C3D9DF013BB}.Release|Any CPU.ActiveCfg = Release|x86
		{B0B9B2D1-5107-4FFA-A450-4C3D9DF013BB}.Release|ARM.ActiveCfg = Release|ARM
		{B0B9B2D1-5107-4FFA-A450-4C3D9DF013BB}.Release|ARM.Build.0 = Release|ARM
		{B0B9B2D1-5107-4FFA-A450-4C3D9DF013BB}.Release|ARM.Deploy.0 = Release|ARM
		{B0B9B2D1-5107-4FFA-A450-4C3D9DF013BB}.Release|iPhone.ActiveCfg = Release|x86
		{B0B9B2D1-5107-4FFA-A450-4C3D9DF013BB}.Release|iPhoneSimulator.ActiveCfg = Release|x86
		{B0B9B2D1-5107-4FFA-A450-4C3D9DF013BB}.Release|x64.ActiveCfg = Release|x64
		{B0B9B2D1-5107-4FFA-A450-4C3D9DF013BB}.Release|x64.Build.0 = Release|x64
		{B0B9B2D1-5107-4FFA-A450-4C3D9DF013BB}.Release|x64.Deploy.0 = Release|x64
		{B0B9B2D1-5107-4FFA-A450-4C3D9DF013BB}.Release|x86.ActiveCfg = Release|x86
		{B0B9B2D1-5107-4FFA-A450-4C3D9DF013BB}.Release|x86.Build.0 = Release|x86
		{B0B9B2D1-5107-4FFA-A450-4C3D9DF013BB}.Release|x86.Deploy.0 = Release|x86
	EndGlobalSection
	GlobalSection(SolutionProperties) = preSolution
		HideSolutionNode = FALSE
	EndGlobalSection
EndGlobal
